{
  "name": "heatmap-simplified-v2",
  "lockfileVersion": 3,
  "requires": true,
  "packages": {
    "": {
      "dependencies": {
        "tibetan-ewts-converter": "^1.0.1"
      }
    },
    "node_modules/tibetan-ewts-converter": {
      "version": "1.0.1",
      "resolved": "https://registry.npmjs.org/tibetan-ewts-converter/-/tibetan-ewts-converter-1.0.1.tgz",
      "integrity": "sha512-8DTBZTEmt+zkczWwiok7VpD4I7Xindtjven81zeB88GLmv75YimRoSOjzPXVILTHGZ90P4nSpkxr2uDxtw7B0A=="
    }
  }
}
